
Microsoft Visual Studio Solution File, Format Version 12.00
# Visual Studio Version 17
VisualStudioVersion = 17.14.37012.4 d17.14
MinimumVisualStudioVersion = 10.0.40219.1
Project("{FAE04EC0-301F-11D3-BF4B-00C04F79EFBC}") = "T1", "T1.csproj", "{EA86A1AA-A497-4C6C-8B60-6FBAC1030CA3}"
EndProject
Global
	GlobalSection(SolutionConfigurationPlatforms) = preSolution
		Debug|Any CPU = Debug|Any CPU
		Release|Any CPU = Release|Any CPU
	EndGlobalSection
	GlobalSection(ProjectConfigurationPlatforms) = postSolution
		{EA86A1AA-A497-4C6C-8B60-6FBAC1030CA3}.Debug|Any CPU.ActiveCfg = Debug|Any CPU
		{EA86A1AA-A497-4C6C-8B60-6FBAC1030CA3}.Debug|Any CPU.Build.0 = Debug|Any CPU
		{EA86A1AA-A497-4C6C-8B60-6FBAC1030CA3}.Release|Any CPU.ActiveCfg = Release|Any CPU
		{EA86A1AA-A497-4C6C-8B60-6FBAC1030CA3}.Release|Any CPU.Build.0 = Release|Any CPU
	EndGlobalSection
	GlobalSection(SolutionProperties) = preSolution
		HideSolutionNode = FALSE
	EndGlobalSection
	GlobalSection(ExtensibilityGlobals) = postSolution
		SolutionGuid = {F1CC6568-024D-421B-A5B3-A1B8B4ADCD44}
	EndGlobalSection
EndGlobal
